
Microsoft Visual Studio Solution File, Format Version 12.00
# Visual Studio 14
VisualStudioVersion = 14.0.25123.0
MinimumVisualStudioVersion = 10.0.40219.1
Project("{FAE04EC0-301F-11D3-BF4B-00C04F79EFBC}") = "EyesOfTheDragon", "EyesOfTheDragon\EyesOfTheDragon.csproj", "{62A7CAE8-45A9-4857-B1F8-85D4B8D9A37C}"
EndProject
Project("{FAE04EC0-301F-11D3-BF4B-00C04F79EFBC}") = "RpgEditor", "RpgEditor\RpgEditor.csproj", "{5309CFA7-D634-4534-AC72-FE65186BBE05}"
EndProject
Global
	GlobalSection(SolutionConfigurationPlatforms) = preSolution
		Debug|Any CPU = Debug|Any CPU
		Debug|x86 = Debug|x86
		Release|Any CPU = Release|Any CPU
		Release|x86 = Release|x86
	EndGlobalSection
	GlobalSection(ProjectConfigurationPlatforms) = postSolution
		{62A7CAE8-45A9-4857-B1F8-85D4B8D9A37C}.Debug|Any CPU.ActiveCfg = Debug|x86
		{62A7CAE8-45A9-4857-B1F8-85D4B8D9A37C}.Debug|x86.ActiveCfg = Debug|x86
		{62A7CAE8-45A9-4857-B1F8-85D4B8D9A37C}.Debug|x86.Build.0 = Debug|x86
		{62A7CAE8-45A9-4857-B1F8-85D4B8D9A37C}.Release|Any CPU.ActiveCfg = Release|x86
		{62A7CAE8-45A9-4857-B1F8-85D4B8D9A37C}.Release|x86.ActiveCfg = Release|x86
		{62A7CAE8-45A9-4857-B1F8-85D4B8D9A37C}.Release|x86.Build.0 = Release|x86
		{5309CFA7-D634-4534-AC72-FE65186BBE05}.Debug|Any CPU.ActiveCfg = Debug|Any CPU
		{5309CFA7-D634-4534-AC72-FE65186BBE05}.Debug|Any CPU.Build.0 = Debug|Any CPU
		{5309CFA7-D634-4534-AC72-FE65186BBE05}.Debug|x86.ActiveCfg = Debug|Any CPU
		{5309CFA7-D634-4534-AC72-FE65186BBE05}.Debug|x86.Build.0 = Debug|Any CPU
		{5309CFA7-D634-4534-AC72-FE65186BBE05}.Release|Any CPU.ActiveCfg = Release|Any CPU
		{5309CFA7-D634-4534-AC72-FE65186BBE05}.Release|Any CPU.Build.0 = Release|Any CPU
		{5309CFA7-D634-4534-AC72-FE65186BBE05}.Release|x86.ActiveCfg = Release|Any CPU
		{5309CFA7-D634-4534-AC72-FE65186BBE05}.Release|x86.Build.0 = Release|Any CPU
	EndGlobalSection
	GlobalSection(SolutionProperties) = preSolution
		HideSolutionNode = FALSE
	EndGlobalSection
EndGlobal
